// !$*UTF8*$!
{
	archiveVersion = 1;
	classes = {
	};
	objectVersion = 45;
	objects = {

/* Begin PBXBuildFile section */
		8DD76F650486A84900D96B5E /* main.cpp in Sources */ = {isa = PBXBuildFile; fileRef = 08FB7796FE84155DC02AAC07 /* main.cpp */; settings = {ATTRIBUTES = (); }; };
		8DD76F6A0486A84900D96B5E /* nbcl.1 in CopyFiles */ = {isa = PBXBuildFile; fileRef = C6859E8B029090EE04C91782 /* nbcl.1 */; };
		B511EA8D12F9FE53003ADAC1 /* glsupport.cpp in Sources */ = {isa = PBXBuildFile; fileRef = B511EA8C12F9FE53003ADAC1 /* glsupport.cpp */; };
		B511EA9012FA04DF003ADAC1 /* parse_args.cpp in Sources */ = {isa = PBXBuildFile; fileRef = B511EA8F12FA04DF003ADAC1 /* parse_args.cpp */; };
		B511EACC12FA0DD1003ADAC1 /* GLUT.framework in Frameworks */ = {isa = PBXBuildFile; fileRef = B511EACB12FA0DD1003ADAC1 /* GLUT.framework */; };
		B5ACA43012F89759001F5058 /* nbody.cpp in Sources */ = {isa = PBXBuildFile; fileRef = B5ACA42F12F89759001F5058 /* nbody.cpp */; };
		B5ACA45E12F8B73B001F5058 /* sphere.cpp in Sources */ = {isa = PBXBuildFile; fileRef = B5ACA45C12F8B73B001F5058 /* sphere.cpp */; };
		B5E041B012F76305001A1F0C /* clsetup.cpp in Sources */ = {isa = PBXBuildFile; fileRef = B5E041AE12F76305001A1F0C /* clsetup.cpp */; };
		B5E041B512F76482001A1F0C /* OpenCL.framework in Frameworks */ = {isa = PBXBuildFile; fileRef = B5E041B412F76482001A1F0C /* OpenCL.framework */; };
		B5E041B712F7648B001A1F0C /* OpenGL.framework in Frameworks */ = {isa = PBXBuildFile; fileRef = B5E041B612F7648B001A1F0C /* OpenGL.framework */; };
		B5E041BB12F7663C001A1F0C /* gen.cpp in Sources */ = {isa = PBXBuildFile; fileRef = B5E041BA12F7663C001A1F0C /* gen.cpp */; };
/* End PBXBuildFile section */

/* Begin PBXCopyFilesBuildPhase section */
		8DD76F690486A84900D96B5E /* CopyFiles */ = {
			isa = PBXCopyFilesBuildPhase;
			buildActionMask = 8;
			dstPath = /usr/share/man/man1/;
			dstSubfolderSpec = 0;
			files = (
				8DD76F6A0486A84900D96B5E /* nbcl.1 in CopyFiles */,
			);
			runOnlyForDeploymentPostprocessing = 1;
		};
/* End PBXCopyFilesBuildPhase section */

/* Begin PBXFileReference section */
		08FB7796FE84155DC02AAC07 /* main.cpp */ = {isa = PBXFileReference; fileEncoding = 4; lastKnownFileType = sourcecode.cpp.cpp; path = main.cpp; sourceTree = "<group>"; };
		8DD76F6C0486A84900D96B5E /* nbcl */ = {isa = PBXFileReference; explicitFileType = "compiled.mach-o.executable"; includeInIndex = 0; path = nbcl; sourceTree = BUILT_PRODUCTS_DIR; };
		B511EA8B12F9FE53003ADAC1 /* glsupport.h */ = {isa = PBXFileReference; fileEncoding = 4; lastKnownFileType = sourcecode.c.h; path = glsupport.h; sourceTree = "<group>"; };
		B511EA8C12F9FE53003ADAC1 /* glsupport.cpp */ = {isa = PBXFileReference; fileEncoding = 4; lastKnownFileType = sourcecode.cpp.cpp; path = glsupport.cpp; sourceTree = "<group>"; };
		B511EA8E12FA048F003ADAC1 /* globals.h */ = {isa = PBXFileReference; fileEncoding = 4; lastKnownFileType = sourcecode.c.h; path = globals.h; sourceTree = "<group>"; };
		B511EA8F12FA04DF003ADAC1 /* parse_args.cpp */ = {isa = PBXFileReference; fileEncoding = 4; lastKnownFileType = sourcecode.cpp.cpp; path = parse_args.cpp; sourceTree = "<group>"; };
		B511EACB12FA0DD1003ADAC1 /* GLUT.framework */ = {isa = PBXFileReference; lastKnownFileType = wrapper.framework; name = GLUT.framework; path = System/Library/Frameworks/GLUT.framework; sourceTree = SDKROOT; };
		B5ACA42E12F89759001F5058 /* nbody.h */ = {isa = PBXFileReference; fileEncoding = 4; lastKnownFileType = sourcecode.c.h; path = nbody.h; sourceTree = "<group>"; };
		B5ACA42F12F89759001F5058 /* nbody.cpp */ = {isa = PBXFileReference; fileEncoding = 4; lastKnownFileType = sourcecode.cpp.cpp; path = nbody.cpp; sourceTree = "<group>"; };
		B5ACA45C12F8B73B001F5058 /* sphere.cpp */ = {isa = PBXFileReference; fileEncoding = 4; lastKnownFileType = sourcecode.cpp.cpp; path = sphere.cpp; sourceTree = "<group>"; };
		B5ACA45D12F8B73B001F5058 /* sphere.h */ = {isa = PBXFileReference; fileEncoding = 4; lastKnownFileType = sourcecode.c.h; path = sphere.h; sourceTree = "<group>"; };
		B5E041AE12F76305001A1F0C /* clsetup.cpp */ = {isa = PBXFileReference; fileEncoding = 4; lastKnownFileType = sourcecode.cpp.cpp; path = clsetup.cpp; sourceTree = "<group>"; };
		B5E041AF12F76305001A1F0C /* clsetup.h */ = {isa = PBXFileReference; fileEncoding = 4; lastKnownFileType = sourcecode.c.h; path = clsetup.h; sourceTree = "<group>"; };
		B5E041B112F76311001A1F0C /* vector.h */ = {isa = PBXFileReference; fileEncoding = 4; lastKnownFileType = sourcecode.c.h; path = vector.h; sourceTree = "<group>"; };
		B5E041B412F76482001A1F0C /* OpenCL.framework */ = {isa = PBXFileReference; lastKnownFileType = wrapper.framework; name = OpenCL.framework; path = System/Library/Frameworks/OpenCL.framework; sourceTree = SDKROOT; };
		B5E041B612F7648B001A1F0C /* OpenGL.framework */ = {isa = PBXFileReference; lastKnownFileType = wrapper.framework; name = OpenGL.framework; path = System/Library/Frameworks/OpenGL.framework; sourceTree = SDKROOT; };
		B5E041B912F7663C001A1F0C /* gen.h */ = {isa = PBXFileReference; fileEncoding = 4; lastKnownFileType = sourcecode.c.h; path = gen.h; sourceTree = "<group>"; };
		B5E041BA12F7663C001A1F0C /* gen.cpp */ = {isa = PBXFileReference; fileEncoding = 4; lastKnownFileType = sourcecode.cpp.cpp; path = gen.cpp; sourceTree = "<group>"; };
		B5F9E5BA12FB233B002AD1BE /* nbody_kern.cl */ = {isa = PBXFileReference; fileEncoding = 4; lastKnownFileType = sourcecode.opencl; path = nbody_kern.cl; sourceTree = "<group>"; };
		C6859E8B029090EE04C91782 /* nbcl.1 */ = {isa = PBXFileReference; lastKnownFileType = text.man; path = nbcl.1; sourceTree = "<group>"; };
/* End PBXFileReference section */

/* Begin PBXFrameworksBuildPhase section */
		8DD76F660486A84900D96B5E /* Frameworks */ = {
			isa = PBXFrameworksBuildPhase;
			buildActionMask = 2147483647;
			files = (
				B5E041B512F76482001A1F0C /* OpenCL.framework in Frameworks */,
				B5E041B712F7648B001A1F0C /* OpenGL.framework in Frameworks */,
				B511EACC12FA0DD1003ADAC1 /* GLUT.framework in Frameworks */,
			);
			runOnlyForDeploymentPostprocessing = 0;
		};
/* End PBXFrameworksBuildPhase section */

/* Begin PBXGroup section */
		08FB7794FE84155DC02AAC07 /* nbcl */ = {
			isa = PBXGroup;
			children = (
				08FB7795FE84155DC02AAC07 /* Source */,
				C6859E8C029090F304C91782 /* Documentation */,
				1AB674ADFE9D54B511CA2CBB /* Products */,
				B511EACB12FA0DD1003ADAC1 /* GLUT.framework */,
				B5E041B412F76482001A1F0C /* OpenCL.framework */,
				B5E041B612F7648B001A1F0C /* OpenGL.framework */,
			);
			name = nbcl;
			sourceTree = "<group>";
		};
		08FB7795FE84155DC02AAC07 /* Source */ = {
			isa = PBXGroup;
			children = (
				B5F9E5BA12FB233B002AD1BE /* nbody_kern.cl */,
				B5E041B112F76311001A1F0C /* vector.h */,
				08FB7796FE84155DC02AAC07 /* main.cpp */,
				B5ACA45D12F8B73B001F5058 /* sphere.h */,
				B5ACA45C12F8B73B001F5058 /* sphere.cpp */,
				B5E041B912F7663C001A1F0C /* gen.h */,
				B5E041BA12F7663C001A1F0C /* gen.cpp */,
				B5ACA42E12F89759001F5058 /* nbody.h */,
				B5ACA42F12F89759001F5058 /* nbody.cpp */,
				B5E041AF12F76305001A1F0C /* clsetup.h */,
				B5E041AE12F76305001A1F0C /* clsetup.cpp */,
				B511EA8B12F9FE53003ADAC1 /* glsupport.h */,
				B511EA8C12F9FE53003ADAC1 /* glsupport.cpp */,
				B511EA8E12FA048F003ADAC1 /* globals.h */,
				B511EA8F12FA04DF003ADAC1 /* parse_args.cpp */,
			);
			name = Source;
			sourceTree = "<group>";
		};
		1AB674ADFE9D54B511CA2CBB /* Products */ = {
			isa = PBXGroup;
			children = (
				8DD76F6C0486A84900D96B5E /* nbcl */,
			);
			name = Products;
			sourceTree = "<group>";
		};
		C6859E8C029090F304C91782 /* Documentation */ = {
			isa = PBXGroup;
			children = (
				C6859E8B029090EE04C91782 /* nbcl.1 */,
			);
			name = Documentation;
			sourceTree = "<group>";
		};
/* End PBXGroup section */

/* Begin PBXNativeTarget section */
		8DD76F620486A84900D96B5E /* nbcl */ = {
			isa = PBXNativeTarget;
			buildConfigurationList = 1DEB923108733DC60010E9CD /* Build configuration list for PBXNativeTarget "nbcl" */;
			buildPhases = (
				8DD76F640486A84900D96B5E /* Sources */,
				8DD76F660486A84900D96B5E /* Frameworks */,
				8DD76F690486A84900D96B5E /* CopyFiles */,
			);
			buildRules = (
			);
			dependencies = (
			);
			name = nbcl;
			productInstallPath = "$(HOME)/bin";
			productName = nbcl;
			productReference = 8DD76F6C0486A84900D96B5E /* nbcl */;
			productType = "com.apple.product-type.tool";
		};
/* End PBXNativeTarget section */

/* Begin PBXProject section */
		08FB7793FE84155DC02AAC07 /* Project object */ = {
			isa = PBXProject;
			buildConfigurationList = 1DEB923508733DC60010E9CD /* Build configuration list for PBXProject "nbcl" */;
			compatibilityVersion = "Xcode 3.1";
			developmentRegion = English;
			hasScannedForEncodings = 1;
			knownRegions = (
				English,
				Japanese,
				French,
				German,
			);
			mainGroup = 08FB7794FE84155DC02AAC07 /* nbcl */;
			projectDirPath = "";
			projectRoot = "";
			targets = (
				8DD76F620486A84900D96B5E /* nbcl */,
			);
		};
/* End PBXProject section */

/* Begin PBXSourcesBuildPhase section */
		8DD76F640486A84900D96B5E /* Sources */ = {
			isa = PBXSourcesBuildPhase;
			buildActionMask = 2147483647;
			files = (
				8DD76F650486A84900D96B5E /* main.cpp in Sources */,
				B5E041B012F76305001A1F0C /* clsetup.cpp in Sources */,
				B5E041BB12F7663C001A1F0C /* gen.cpp in Sources */,
				B5ACA43012F89759001F5058 /* nbody.cpp in Sources */,
				B5ACA45E12F8B73B001F5058 /* sphere.cpp in Sources */,
				B511EA8D12F9FE53003ADAC1 /* glsupport.cpp in Sources */,
				B511EA9012FA04DF003ADAC1 /* parse_args.cpp in Sources */,
			);
			runOnlyForDeploymentPostprocessing = 0;
		};
/* End PBXSourcesBuildPhase section */

/* Begin XCBuildConfiguration section */
		1DEB923208733DC60010E9CD /* Debug */ = {
			isa = XCBuildConfiguration;
			buildSettings = {
				ALWAYS_SEARCH_USER_PATHS = NO;
				COPY_PHASE_STRIP = NO;
				GCC_DYNAMIC_NO_PIC = NO;
				GCC_ENABLE_FIX_AND_CONTINUE = YES;
				GCC_MODEL_TUNING = G5;
				GCC_OPTIMIZATION_LEVEL = 0;
				HEADER_SEARCH_PATHS = /usr/local/include/;
				INSTALL_PATH = /usr/local/bin;
				LIBRARY_SEARCH_PATHS = /usr/local/lib/;
				PRODUCT_NAME = nbcl;
				WARNING_CFLAGS = "-Wall";
			};
			name = Debug;
		};
		1DEB923308733DC60010E9CD /* Release */ = {
			isa = XCBuildConfiguration;
			buildSettings = {
				ALWAYS_SEARCH_USER_PATHS = NO;
				DEBUG_INFORMATION_FORMAT = "dwarf-with-dsym";
				GCC_MODEL_TUNING = G5;
				HEADER_SEARCH_PATHS = /usr/local/include/;
				INSTALL_PATH = /usr/local/bin;
				LIBRARY_SEARCH_PATHS = /usr/local/lib/;
				PRODUCT_NAME = nbcl;
				WARNING_CFLAGS = "-Wall";
			};
			name = Release;
		};
		1DEB923608733DC60010E9CD /* Debug */ = {
			isa = XCBuildConfiguration;
			buildSettings = {
				ARCHS = "$(ARCHS_STANDARD_32_64_BIT)";
				ENABLE_OPENMP_SUPPORT = YES;
				GCC_C_LANGUAGE_STANDARD = gnu99;
				GCC_OPTIMIZATION_LEVEL = 0;
				GCC_WARN_ABOUT_RETURN_TYPE = YES;
				GCC_WARN_PEDANTIC = YES;
				GCC_WARN_UNUSED_VALUE = YES;
				GCC_WARN_UNUSED_VARIABLE = YES;
				ONLY_ACTIVE_ARCH = YES;
				OTHER_LDFLAGS = (
					"-lgsl",
					"-lgslcblas",
				);
				PREBINDING = NO;
				SDKROOT = macosx10.6;
				WARNING_CFLAGS = "-Wall";
			};
			name = Debug;
		};
		1DEB923708733DC60010E9CD /* Release */ = {
			isa = XCBuildConfiguration;
			buildSettings = {
				ARCHS = "$(ARCHS_STANDARD_32_64_BIT)";
				ENABLE_OPENMP_SUPPORT = YES;
				GCC_AUTO_VECTORIZATION = YES;
				GCC_C_LANGUAGE_STANDARD = gnu99;
				GCC_ENABLE_SSE3_EXTENSIONS = YES;
				GCC_ENABLE_SUPPLEMENTAL_SSE3_INSTRUCTIONS = YES;
				GCC_OPTIMIZATION_LEVEL = 3;
				GCC_WARN_ABOUT_RETURN_TYPE = YES;
				GCC_WARN_PEDANTIC = YES;
				GCC_WARN_UNUSED_VALUE = YES;
				GCC_WARN_UNUSED_VARIABLE = YES;
				ONLY_ACTIVE_ARCH = YES;
				OTHER_LDFLAGS = (
					"-lgsl",
					"-lgslcblas",
				);
				PREBINDING = NO;
				SDKROOT = macosx10.6;
				WARNING_CFLAGS = "-Wall";
			};
			name = Release;
		};
/* End XCBuildConfiguration section */

/* Begin XCConfigurationList section */
		1DEB923108733DC60010E9CD /* Build configuration list for PBXNativeTarget "nbcl" */ = {
			isa = XCConfigurationList;
			buildConfigurations = (
				1DEB923208733DC60010E9CD /* Debug */,
				1DEB923308733DC60010E9CD /* Release */,
			);
			defaultConfigurationIsVisible = 0;
			defaultConfigurationName = Release;
		};
		1DEB923508733DC60010E9CD /* Build configuration list for PBXProject "nbcl" */ = {
			isa = XCConfigurationList;
			buildConfigurations = (
				1DEB923608733DC60010E9CD /* Debug */,
				1DEB923708733DC60010E9CD /* Release */,
			);
			defaultConfigurationIsVisible = 0;
			defaultConfigurationName = Release;
		};
/* End XCConfigurationList section */
	};
	rootObject = 08FB7793FE84155DC02AAC07 /* Project object */;
}
